
Microsoft Visual Studio Solution File, Format Version 12.00
# Visual Studio Version 16
VisualStudioVersion = 16.0.31112.23
MinimumVisualStudioVersion = 10.0.40219.1
Project("{2150E333-8FDC-42A3-9474-1A3956D46DE8}") = "src", "src", "{1CF05E73-14C3-4371-85C3-DF32D397EAC5}"
EndProject
Project("{2150E333-8FDC-42A3-9474-1A3956D46DE8}") = "Building Blocks", "Building Blocks", "{8A1C5EBE-71F4-4714-B6FA-52D260F99959}"
EndProject
Project("{2150E333-8FDC-42A3-9474-1A3956D46DE8}") = "Services", "Services", "{47908577-8EC3-4810-A831-D13BE76FDF21}"
EndProject
Project("{2150E333-8FDC-42A3-9474-1A3956D46DE8}") = "Web", "Web", "{AC9037DB-5D2C-4DC3-9FB9-9C9A13A7CEB1}"
EndProject
Project("{2150E333-8FDC-42A3-9474-1A3956D46DE8}") = "Identidade", "Identidade", "{5FB81ADA-1AA2-48BD-8BDE-28D3BAE46A68}"
EndProject
Project("{9A19103F-16F7-4668-BE54-9A1E7A4F7556}") = "NSE.Identidade.API", "src\services\NSE.Identidade.API\NSE.Identidade.API.csproj", "{29A3315E-99AC-4D9B-BD41-C302E87DD089}"
EndProject
Project("{2150E333-8FDC-42A3-9474-1A3956D46DE8}") = "MVC", "MVC", "{D240AF98-D8A6-4CA7-AA2F-E2F856A9A72A}"
EndProject
Project("{9A19103F-16F7-4668-BE54-9A1E7A4F7556}") = "NSE.WebApp.MVC", "src\web\NSE.WebApp.MVC\NSE.WebApp.MVC.csproj", "{31B1BA9D-1C97-4AC4-A3ED-4A1EF89DEBDE}"
EndProject
Project("{2150E333-8FDC-42A3-9474-1A3956D46DE8}") = "Core", "Core", "{4B1B1162-B171-4AC4-9DA7-234C5BC87795}"
EndProject
Project("{9A19103F-16F7-4668-BE54-9A1E7A4F7556}") = "NSE.Core", "src\building blocks\NSE.Core\NSE.Core.csproj", "{56E26D9E-0F4F-436C-B41F-0A0A42E71EB3}"
EndProject
Project("{2150E333-8FDC-42A3-9474-1A3956D46DE8}") = "Catalogo", "Catalogo", "{30AD86C5-CE71-4C34-AF00-C60F0F6F7AE3}"
EndProject
Project("{9A19103F-16F7-4668-BE54-9A1E7A4F7556}") = "NSE.Catalogo.API", "src\services\NSE.Catalogo.API\NSE.Catalogo.API.csproj", "{2944EB07-73F7-4279-90B6-92081EA72084}"
EndProject
Project("{2150E333-8FDC-42A3-9474-1A3956D46DE8}") = "Carrinho", "Carrinho", "{7DE066DB-2CDB-4905-909F-46C1EB80C07E}"
EndProject
Project("{9A19103F-16F7-4668-BE54-9A1E7A4F7556}") = "NSE.Carrinho.API", "src\services\NSE.Carrinho.API\NSE.Carrinho.API.csproj", "{3563A948-4B64-4B23-8816-1A01029CEB3A}"
EndProject
Project("{2150E333-8FDC-42A3-9474-1A3956D46DE8}") = "Cliente", "Cliente", "{5B6835A5-3AFD-4C56-B9C0-9332B9657073}"
EndProject
Project("{9A19103F-16F7-4668-BE54-9A1E7A4F7556}") = "NSE.Cliente.API", "src\services\NSE.Cliente.API\NSE.Cliente.API.csproj", "{546B4FC7-46E6-4148-9FE6-63E2B72F13AA}"
EndProject
Project("{2150E333-8FDC-42A3-9474-1A3956D46DE8}") = "Pagamento", "Pagamento", "{0B492869-4847-4210-AF73-AD3B305DFD58}"
EndProject
Project("{9A19103F-16F7-4668-BE54-9A1E7A4F7556}") = "NSE.Pagamento.API", "src\services\NSE.Pagamento.API\NSE.Pagamento.API.csproj", "{FD4E1F8C-EC4B-48E4-9216-CF6BA7E4683D}"
EndProject
Project("{2150E333-8FDC-42A3-9474-1A3956D46DE8}") = "Pedido", "Pedido", "{345944D2-C168-4399-BAE2-4A204AD39716}"
EndProject
Project("{9A19103F-16F7-4668-BE54-9A1E7A4F7556}") = "NSE.Pedido.API", "src\services\NSE.Pedido.API\NSE.Pedido.API.csproj", "{F38FF262-C0A5-49BC-8AA7-787F8358F125}"
EndProject
Project("{2150E333-8FDC-42A3-9474-1A3956D46DE8}") = "Services", "Services", "{C83040F2-9FD5-44D3-ACD7-4420BEBA4171}"
EndProject
Project("{FAE04EC0-301F-11D3-BF4B-00C04F79EFBC}") = "NSE.WebAPI.Core", "src\building blocks\NSE.WebAPI.Core\NSE.WebAPI.Core.csproj", "{AA9D4181-963E-4F25-A366-DB771B89B958}"
EndProject
Global
	GlobalSection(SolutionConfigurationPlatforms) = preSolution
		Debug|Any CPU = Debug|Any CPU
		Release|Any CPU = Release|Any CPU
	EndGlobalSection
	GlobalSection(ProjectConfigurationPlatforms) = postSolution
		{29A3315E-99AC-4D9B-BD41-C302E87DD089}.Debug|Any CPU.ActiveCfg = Debug|Any CPU
		{29A3315E-99AC-4D9B-BD41-C302E87DD089}.Debug|Any CPU.Build.0 = Debug|Any CPU
		{29A3315E-99AC-4D9B-BD41-C302E87DD089}.Release|Any CPU.ActiveCfg = Release|Any CPU
		{29A3315E-99AC-4D9B-BD41-C302E87DD089}.Release|Any CPU.Build.0 = Release|Any CPU
		{31B1BA9D-1C97-4AC4-A3ED-4A1EF89DEBDE}.Debug|Any CPU.ActiveCfg = Debug|Any CPU
		{31B1BA9D-1C97-4AC4-A3ED-4A1EF89DEBDE}.Debug|Any CPU.Build.0 = Debug|Any CPU
		{31B1BA9D-1C97-4AC4-A3ED-4A1EF89DEBDE}.Release|Any CPU.ActiveCfg = Release|Any CPU
		{31B1BA9D-1C97-4AC4-A3ED-4A1EF89DEBDE}.Release|Any CPU.Build.0 = Release|Any CPU
		{56E26D9E-0F4F-436C-B41F-0A0A42E71EB3}.Debug|Any CPU.ActiveCfg = Debug|Any CPU
		{56E26D9E-0F4F-436C-B41F-0A0A42E71EB3}.Debug|Any CPU.Build.0 = Debug|Any CPU
		{56E26D9E-0F4F-436C-B41F-0A0A42E71EB3}.Release|Any CPU.ActiveCfg = Release|Any CPU
		{56E26D9E-0F4F-436C-B41F-0A0A42E71EB3}.Release|Any CPU.Build.0 = Release|Any CPU
		{2944EB07-73F7-4279-90B6-92081EA72084}.Debug|Any CPU.ActiveCfg = Debug|Any CPU
		{2944EB07-73F7-4279-90B6-92081EA72084}.Debug|Any CPU.Build.0 = Debug|Any CPU
		{2944EB07-73F7-4279-90B6-92081EA72084}.Release|Any CPU.ActiveCfg = Release|Any CPU
		{2944EB07-73F7-4279-90B6-92081EA72084}.Release|Any CPU.Build.0 = Release|Any CPU
		{3563A948-4B64-4B23-8816-1A01029CEB3A}.Debug|Any CPU.ActiveCfg = Debug|Any CPU
		{3563A948-4B64-4B23-8816-1A01029CEB3A}.Debug|Any CPU.Build.0 = Debug|Any CPU
		{3563A948-4B64-4B23-8816-1A01029CEB3A}.Release|Any CPU.ActiveCfg = Release|Any CPU
		{3563A948-4B64-4B23-8816-1A01029CEB3A}.Release|Any CPU.Build.0 = Release|Any CPU
		{546B4FC7-46E6-4148-9FE6-63E2B72F13AA}.Debug|Any CPU.ActiveCfg = Debug|Any CPU
		{546B4FC7-46E6-4148-9FE6-63E2B72F13AA}.Debug|Any CPU.Build.0 = Debug|Any CPU
		{546B4FC7-46E6-4148-9FE6-63E2B72F13AA}.Release|Any CPU.ActiveCfg = Release|Any CPU
		{546B4FC7-46E6-4148-9FE6-63E2B72F13AA}.Release|Any CPU.Build.0 = Release|Any CPU
		{FD4E1F8C-EC4B-48E4-9216-CF6BA7E4683D}.Debug|Any CPU.ActiveCfg = Debug|Any CPU
		{FD4E1F8C-EC4B-48E4-9216-CF6BA7E4683D}.Debug|Any CPU.Build.0 = Debug|Any CPU
		{FD4E1F8C-EC4B-48E4-9216-CF6BA7E4683D}.Release|Any CPU.ActiveCfg = Release|Any CPU
		{FD4E1F8C-EC4B-48E4-9216-CF6BA7E4683D}.Release|Any CPU.Build.0 = Release|Any CPU
		{F38FF262-C0A5-49BC-8AA7-787F8358F125}.Debug|Any CPU.ActiveCfg = Debug|Any CPU
		{F38FF262-C0A5-49BC-8AA7-787F8358F125}.Debug|Any CPU.Build.0 = Debug|Any CPU
		{F38FF262-C0A5-49BC-8AA7-787F8358F125}.Release|Any CPU.ActiveCfg = Release|Any CPU
		{F38FF262-C0A5-49BC-8AA7-787F8358F125}.Release|Any CPU.Build.0 = Release|Any CPU
		{AA9D4181-963E-4F25-A366-DB771B89B958}.Debug|Any CPU.ActiveCfg = Debug|Any CPU
		{AA9D4181-963E-4F25-A366-DB771B89B958}.Debug|Any CPU.Build.0 = Debug|Any CPU
		{AA9D4181-963E-4F25-A366-DB771B89B958}.Release|Any CPU.ActiveCfg = Release|Any CPU
		{AA9D4181-963E-4F25-A366-DB771B89B958}.Release|Any CPU.Build.0 = Release|Any CPU
	EndGlobalSection
	GlobalSection(SolutionProperties) = preSolution
		HideSolutionNode = FALSE
	EndGlobalSection
	GlobalSection(NestedProjects) = preSolution
		{8A1C5EBE-71F4-4714-B6FA-52D260F99959} = {1CF05E73-14C3-4371-85C3-DF32D397EAC5}
		{47908577-8EC3-4810-A831-D13BE76FDF21} = {1CF05E73-14C3-4371-85C3-DF32D397EAC5}
		{AC9037DB-5D2C-4DC3-9FB9-9C9A13A7CEB1} = {1CF05E73-14C3-4371-85C3-DF32D397EAC5}
		{5FB81ADA-1AA2-48BD-8BDE-28D3BAE46A68} = {47908577-8EC3-4810-A831-D13BE76FDF21}
		{29A3315E-99AC-4D9B-BD41-C302E87DD089} = {5FB81ADA-1AA2-48BD-8BDE-28D3BAE46A68}
		{D240AF98-D8A6-4CA7-AA2F-E2F856A9A72A} = {AC9037DB-5D2C-4DC3-9FB9-9C9A13A7CEB1}
		{31B1BA9D-1C97-4AC4-A3ED-4A1EF89DEBDE} = {D240AF98-D8A6-4CA7-AA2F-E2F856A9A72A}
		{4B1B1162-B171-4AC4-9DA7-234C5BC87795} = {8A1C5EBE-71F4-4714-B6FA-52D260F99959}
		{56E26D9E-0F4F-436C-B41F-0A0A42E71EB3} = {4B1B1162-B171-4AC4-9DA7-234C5BC87795}
		{30AD86C5-CE71-4C34-AF00-C60F0F6F7AE3} = {47908577-8EC3-4810-A831-D13BE76FDF21}
		{2944EB07-73F7-4279-90B6-92081EA72084} = {30AD86C5-CE71-4C34-AF00-C60F0F6F7AE3}
		{7DE066DB-2CDB-4905-909F-46C1EB80C07E} = {47908577-8EC3-4810-A831-D13BE76FDF21}
		{3563A948-4B64-4B23-8816-1A01029CEB3A} = {7DE066DB-2CDB-4905-909F-46C1EB80C07E}
		{5B6835A5-3AFD-4C56-B9C0-9332B9657073} = {47908577-8EC3-4810-A831-D13BE76FDF21}
		{546B4FC7-46E6-4148-9FE6-63E2B72F13AA} = {5B6835A5-3AFD-4C56-B9C0-9332B9657073}
		{0B492869-4847-4210-AF73-AD3B305DFD58} = {47908577-8EC3-4810-A831-D13BE76FDF21}
		{FD4E1F8C-EC4B-48E4-9216-CF6BA7E4683D} = {0B492869-4847-4210-AF73-AD3B305DFD58}
		{345944D2-C168-4399-BAE2-4A204AD39716} = {47908577-8EC3-4810-A831-D13BE76FDF21}
		{F38FF262-C0A5-49BC-8AA7-787F8358F125} = {345944D2-C168-4399-BAE2-4A204AD39716}
		{C83040F2-9FD5-44D3-ACD7-4420BEBA4171} = {8A1C5EBE-71F4-4714-B6FA-52D260F99959}
		{AA9D4181-963E-4F25-A366-DB771B89B958} = {C83040F2-9FD5-44D3-ACD7-4420BEBA4171}
	EndGlobalSection
	GlobalSection(ExtensibilityGlobals) = postSolution
		SolutionGuid = {28F509D9-5163-4C48-8487-B4ECAF1C936F}
	EndGlobalSection
EndGlobal
